// !$*UTF8*$!
{
	archiveVersion = 1;
	classes = {
	};
	objectVersion = 77;
	objects = {

/* Begin PBXBuildFile section */
		CF69C6C62EA8B1270014BF0E /* vai-watchos-app Watch App.app in Embed Watch Content */ = {isa = PBXBuildFile; fileRef = CF69C6C52EA8B1270014BF0E /* vai-watchos-app Watch App.app */; settings = {ATTRIBUTES = (RemoveHeadersOnCopy, ); }; };
/* End PBXBuildFile section */

/* Begin PBXContainerItemProxy section */
		CF69C6C72EA8B1270014BF0E /* PBXContainerItemProxy */ = {
			isa = PBXContainerItemProxy;
			containerPortal = CF69C6B92EA8B1270014BF0E /* Project object */;
			proxyType = 1;
			remoteGlobalIDString = CF69C6C42EA8B1270014BF0E;
			remoteInfo = "vai-watchos-app Watch App";
		};
		CF69C6D52EA8B1290014BF0E /* PBXContainerItemProxy */ = {
			isa = PBXContainerItemProxy;
			containerPortal = CF69C6B92EA8B1270014BF0E /* Project object */;
			proxyType = 1;
			remoteGlobalIDString = CF69C6C42EA8B1270014BF0E;
			remoteInfo = "vai-watchos-app Watch App";
		};
		CF69C6DF2EA8B1290014BF0E /* PBXContainerItemProxy */ = {
			isa = PBXContainerItemProxy;
			containerPortal = CF69C6B92EA8B1270014BF0E /* Project object */;
			proxyType = 1;
			remoteGlobalIDString = CF69C6C42EA8B1270014BF0E;
			remoteInfo = "vai-watchos-app Watch App";
		};
/* End PBXContainerItemProxy section */

/* Begin PBXCopyFilesBuildPhase section */
		CF69C6EB2EA8B1290014BF0E /* Embed Watch Content */ = {
			isa = PBXCopyFilesBuildPhase;
			buildActionMask = 2147483647;
			dstPath = "$(CONTENTS_FOLDER_PATH)/Watch";
			dstSubfolderSpec = 16;
			files = (
				CF69C6C62EA8B1270014BF0E /* vai-watchos-app Watch App.app in Embed Watch Content */,
			);
			name = "Embed Watch Content";
			runOnlyForDeploymentPostprocessing = 0;
		};
/* End PBXCopyFilesBuildPhase section */

/* Begin PBXFileReference section */
		CF69C6BF2EA8B1270014BF0E /* vai-watchos-app.app */ = {isa = PBXFileReference; explicitFileType = wrapper.application; includeInIndex = 0; path = "vai-watchos-app.app"; sourceTree = BUILT_PRODUCTS_DIR; };
		CF69C6C52EA8B1270014BF0E /* vai-watchos-app Watch App.app */ = {isa = PBXFileReference; explicitFileType = wrapper.application; includeInIndex = 0; path = "vai-watchos-app Watch App.app"; sourceTree = BUILT_PRODUCTS_DIR; };
		CF69C6D42EA8B1290014BF0E /* vai-watchos-app Watch AppTests.xctest */ = {isa = PBXFileReference; explicitFileType = wrapper.cfbundle; includeInIndex = 0; path = "vai-watchos-app Watch AppTests.xctest"; sourceTree = BUILT_PRODUCTS_DIR; };
		CF69C6DE2EA8B1290014BF0E /* vai-watchos-app Watch AppUITests.xctest */ = {isa = PBXFileReference; explicitFileType = wrapper.cfbundle; includeInIndex = 0; path = "vai-watchos-app Watch AppUITests.xctest"; sourceTree = BUILT_PRODUCTS_DIR; };
/* End PBXFileReference section */

/* Begin PBXFileSystemSynchronizedRootGroup section */
		CF69C6C92EA8B1270014BF0E /* vai-watchos-app Watch App */ = {
			isa = PBXFileSystemSynchronizedRootGroup;
			path = "vai-watchos-app Watch App";
			sourceTree = "<group>";
		};
		CF69C6D72EA8B1290014BF0E /* vai-watchos-app Watch AppTests */ = {
			isa = PBXFileSystemSynchronizedRootGroup;
			path = "vai-watchos-app Watch AppTests";
			sourceTree = "<group>";
		};
		CF69C6E12EA8B1290014BF0E /* vai-watchos-app Watch AppUITests */ = {
			isa = PBXFileSystemSynchronizedRootGroup;
			path = "vai-watchos-app Watch AppUITests";
			sourceTree = "<group>";
		};
/* End PBXFileSystemSynchronizedRootGroup section */

/* Begin PBXFrameworksBuildPhase section */
		CF69C6C22EA8B1270014BF0E /* Frameworks */ = {
			isa = PBXFrameworksBuildPhase;
			buildActionMask = 2147483647;
			files = (
			);
			runOnlyForDeploymentPostprocessing = 0;
		};
		CF69C6D12EA8B1290014BF0E /* Frameworks */ = {
			isa = PBXFrameworksBuildPhase;
			buildActionMask = 2147483647;
			files = (
			);
			runOnlyForDeploymentPostprocessing = 0;
		};
		CF69C6DB2EA8B1290014BF0E /* Frameworks */ = {
			isa = PBXFrameworksBuildPhase;
			buildActionMask = 2147483647;
			files = (
			);
			runOnlyForDeploymentPostprocessing = 0;
		};
/* End PBXFrameworksBuildPhase section */

/* Begin PBXGroup section */
		CF69C6B82EA8B1270014BF0E = {
			isa = PBXGroup;
			children = (
				CF69C6C92EA8B1270014BF0E /* vai-watchos-app Watch App */,
				CF69C6D72EA8B1290014BF0E /* vai-watchos-app Watch AppTests */,
				CF69C6E12EA8B1290014BF0E /* vai-watchos-app Watch AppUITests */,
				CF69C6C02EA8B1270014BF0E /* Products */,
			);
			sourceTree = "<group>";
		};
		CF69C6C02EA8B1270014BF0E /* Products */ = {
			isa = PBXGroup;
			children = (
				CF69C6BF2EA8B1270014BF0E /* vai-watchos-app.app */,
				CF69C6C52EA8B1270014BF0E /* vai-watchos-app Watch App.app */,
				CF69C6D42EA8B1290014BF0E /* vai-watchos-app Watch AppTests.xctest */,
				CF69C6DE2EA8B1290014BF0E /* vai-watchos-app Watch AppUITests.xctest */,
			);
			name = Products;
			sourceTree = "<group>";
		};
/* End PBXGroup section */

/* Begin PBXNativeTarget section */
		CF69C6BE2EA8B1270014BF0E /* vai-watchos-app */ = {
			isa = PBXNativeTarget;
			buildConfigurationList = CF69C6EC2EA8B1290014BF0E /* Build configuration list for PBXNativeTarget "vai-watchos-app" */;
			buildPhases = (
				CF69C6BD2EA8B1270014BF0E /* Resources */,
				CF69C6EB2EA8B1290014BF0E /* Embed Watch Content */,
			);
			buildRules = (
			);
			dependencies = (
				CF69C6C82EA8B1270014BF0E /* PBXTargetDependency */,
			);
			name = "vai-watchos-app";
			packageProductDependencies = (
			);
			productName = "vai-watchos-app";
			productReference = CF69C6BF2EA8B1270014BF0E /* vai-watchos-app.app */;
			productType = "com.apple.product-type.application.watchapp2-container";
		};
		CF69C6C42EA8B1270014BF0E /* vai-watchos-app Watch App */ = {
			isa = PBXNativeTarget;
			buildConfigurationList = CF69C6E82EA8B1290014BF0E /* Build configuration list for PBXNativeTarget "vai-watchos-app Watch App" */;
			buildPhases = (
				CF69C6C12EA8B1270014BF0E /* Sources */,
				CF69C6C22EA8B1270014BF0E /* Frameworks */,
				CF69C6C32EA8B1270014BF0E /* Resources */,
			);
			buildRules = (
			);
			dependencies = (
			);
			fileSystemSynchronizedGroups = (
				CF69C6C92EA8B1270014BF0E /* vai-watchos-app Watch App */,
			);
			name = "vai-watchos-app Watch App";
			packageProductDependencies = (
			);
			productName = "vai-watchos-app Watch App";
			productReference = CF69C6C52EA8B1270014BF0E /* vai-watchos-app Watch App.app */;
			productType = "com.apple.product-type.application";
		};
		CF69C6D32EA8B1290014BF0E /* vai-watchos-app Watch AppTests */ = {
			isa = PBXNativeTarget;
			buildConfigurationList = CF69C6EF2EA8B1290014BF0E /* Build configuration list for PBXNativeTarget "vai-watchos-app Watch AppTests" */;
			buildPhases = (
				CF69C6D02EA8B1290014BF0E /* Sources */,
				CF69C6D12EA8B1290014BF0E /* Frameworks */,
				CF69C6D22EA8B1290014BF0E /* Resources */,
			);
			buildRules = (
			);
			dependencies = (
				CF69C6D62EA8B1290014BF0E /* PBXTargetDependency */,
			);
			fileSystemSynchronizedGroups = (
				CF69C6D72EA8B1290014BF0E /* vai-watchos-app Watch AppTests */,
			);
			name = "vai-watchos-app Watch AppTests";
			packageProductDependencies = (
			);
			productName = "vai-watchos-app Watch AppTests";
			productReference = CF69C6D42EA8B1290014BF0E /* vai-watchos-app Watch AppTests.xctest */;
			productType = "com.apple.product-type.bundle.unit-test";
		};
		CF69C6DD2EA8B1290014BF0E /* vai-watchos-app Watch AppUITests */ = {
			isa = PBXNativeTarget;
			buildConfigurationList = CF69C6F22EA8B1290014BF0E /* Build configuration list for PBXNativeTarget "vai-watchos-app Watch AppUITests" */;
			buildPhases = (
				CF69C6DA2EA8B1290014BF0E /* Sources */,
				CF69C6DB2EA8B1290014BF0E /* Frameworks */,
				CF69C6DC2EA8B1290014BF0E /* Resources */,
			);
			buildRules = (
			);
			dependencies = (
				CF69C6E02EA8B1290014BF0E /* PBXTargetDependency */,
			);
			fileSystemSynchronizedGroups = (
				CF69C6E12EA8B1290014BF0E /* vai-watchos-app Watch AppUITests */,
			);
			name = "vai-watchos-app Watch AppUITests";
			packageProductDependencies = (
			);
			productName = "vai-watchos-app Watch AppUITests";
			productReference = CF69C6DE2EA8B1290014BF0E /* vai-watchos-app Watch AppUITests.xctest */;
			productType = "com.apple.product-type.bundle.ui-testing";
		};
/* End PBXNativeTarget section */

/* Begin PBXProject section */
		CF69C6B92EA8B1270014BF0E /* Project object */ = {
			isa = PBXProject;
			attributes = {
				BuildIndependentTargetsInParallel = 1;
				LastSwiftUpdateCheck = 1640;
				LastUpgradeCheck = 1640;
				TargetAttributes = {
					CF69C6BE2EA8B1270014BF0E = {
						CreatedOnToolsVersion = 16.4;
					};
					CF69C6C42EA8B1270014BF0E = {
						CreatedOnToolsVersion = 16.4;
					};
					CF69C6D32EA8B1290014BF0E = {
						CreatedOnToolsVersion = 16.4;
						TestTargetID = CF69C6C42EA8B1270014BF0E;
					};
					CF69C6DD2EA8B1290014BF0E = {
						CreatedOnToolsVersion = 16.4;
						TestTargetID = CF69C6C42EA8B1270014BF0E;
					};
				};
			};
			buildConfigurationList = CF69C6BC2EA8B1270014BF0E /* Build configuration list for PBXProject "vai-watchos-app" */;
			developmentRegion = en;
			hasScannedForEncodings = 0;
			knownRegions = (
				en,
				Base,
			);
			mainGroup = CF69C6B82EA8B1270014BF0E;
			minimizedProjectReferenceProxies = 1;
			preferredProjectObjectVersion = 77;
			productRefGroup = CF69C6C02EA8B1270014BF0E /* Products */;
			projectDirPath = "";
			projectRoot = "";
			targets = (
				CF69C6BE2EA8B1270014BF0E /* vai-watchos-app */,
				CF69C6C42EA8B1270014BF0E /* vai-watchos-app Watch App */,
				CF69C6D32EA8B1290014BF0E /* vai-watchos-app Watch AppTests */,
				CF69C6DD2EA8B1290014BF0E /* vai-watchos-app Watch AppUITests */,
			);
		};
/* End PBXProject section */

/* Begin PBXResourcesBuildPhase section */
		CF69C6BD2EA8B1270014BF0E /* Resources */ = {
			isa = PBXResourcesBuildPhase;
			buildActionMask = 2147483647;
			files = (
			);
			runOnlyForDeploymentPostprocessing = 0;
		};
		CF69C6C32EA8B1270014BF0E /* Resources */ = {
			isa = PBXResourcesBuildPhase;
			buildActionMask = 2147483647;
			files = (
			);
			runOnlyForDeploymentPostprocessing = 0;
		};
		CF69C6D22EA8B1290014BF0E /* Resources */ = {
			isa = PBXResourcesBuildPhase;
			buildActionMask = 2147483647;
			files = (
			);
			runOnlyForDeploymentPostprocessing = 0;
		};
		CF69C6DC2EA8B1290014BF0E /* Resources */ = {
			isa = PBXResourcesBuildPhase;
			buildActionMask = 2147483647;
			files = (
			);
			runOnlyForDeploymentPostprocessing = 0;
		};
/* End PBXResourcesBuildPhase section */

/* Begin PBXSourcesBuildPhase section */
		CF69C6C12EA8B1270014BF0E /* Sources */ = {
			isa = PBXSourcesBuildPhase;
			buildActionMask = 2147483647;
			files = (
			);
			runOnlyForDeploymentPostprocessing = 0;
		};
		CF69C6D02EA8B1290014BF0E /* Sources */ = {
			isa = PBXSourcesBuildPhase;
			buildActionMask = 2147483647;
			files = (
			);
			runOnlyForDeploymentPostprocessing = 0;
		};
		CF69C6DA2EA8B1290014BF0E /* Sources */ = {
			isa = PBXSourcesBuildPhase;
			buildActionMask = 2147483647;
			files = (
			);
			runOnlyForDeploymentPostprocessing = 0;
		};
/* End PBXSourcesBuildPhase section */

/* Begin PBXTargetDependency section */
		CF69C6C82EA8B1270014BF0E /* PBXTargetDependency */ = {
			isa = PBXTargetDependency;
			target = CF69C6C42EA8B1270014BF0E /* vai-watchos-app Watch App */;
			targetProxy = CF69C6C72EA8B1270014BF0E /* PBXContainerItemProxy */;
		};
		CF69C6D62EA8B1290014BF0E /* PBXTargetDependency */ = {
			isa = PBXTargetDependency;
			target = CF69C6C42EA8B1270014BF0E /* vai-watchos-app Watch App */;
			targetProxy = CF69C6D52EA8B1290014BF0E /* PBXContainerItemProxy */;
		};
		CF69C6E02EA8B1290014BF0E /* PBXTargetDependency */ = {
			isa = PBXTargetDependency;
			target = CF69C6C42EA8B1270014BF0E /* vai-watchos-app Watch App */;
			targetProxy = CF69C6DF2EA8B1290014BF0E /* PBXContainerItemProxy */;
		};
/* End PBXTargetDependency section */

/* Begin XCBuildConfiguration section */
		CF69C6E62EA8B1290014BF0E /* Debug */ = {
			isa = XCBuildConfiguration;
			buildSettings = {
				ALWAYS_SEARCH_USER_PATHS = NO;
				ASSETCATALOG_COMPILER_GENERATE_SWIFT_ASSET_SYMBOL_EXTENSIONS = YES;
				CLANG_ANALYZER_NONNULL = YES;
				CLANG_ANALYZER_NUMBER_OBJECT_CONVERSION = YES_AGGRESSIVE;
				CLANG_CXX_LANGUAGE_STANDARD = "gnu++20";
				CLANG_ENABLE_MODULES = YES;
				CLANG_ENABLE_OBJC_ARC = YES;
				CLANG_ENABLE_OBJC_WEAK = YES;
				CLANG_WARN_BLOCK_CAPTURE_AUTORELEASING = YES;
				CLANG_WARN_BOOL_CONVERSION = YES;
				CLANG_WARN_COMMA = YES;
				CLANG_WARN_CONSTANT_CONVERSION = YES;
				CLANG_WARN_DEPRECATED_OBJC_IMPLEMENTATIONS = YES;
				CLANG_WARN_DIRECT_OBJC_ISA_USAGE = YES_ERROR;
				CLANG_WARN_DOCUMENTATION_COMMENTS = YES;
				CLANG_WARN_EMPTY_BODY = YES;
				CLANG_WARN_ENUM_CONVERSION = YES;
				CLANG_WARN_INFINITE_RECURSION = YES;
				CLANG_WARN_INT_CONVERSION = YES;
				CLANG_WARN_NON_LITERAL_NULL_CONVERSION = YES;
				CLANG_WARN_OBJC_IMPLICIT_RETAIN_SELF = YES;
				CLANG_WARN_OBJC_LITERAL_CONVERSION = YES;
				CLANG_WARN_OBJC_ROOT_CLASS = YES_ERROR;
				CLANG_WARN_QUOTED_INCLUDE_IN_FRAMEWORK_HEADER = YES;
				CLANG_WARN_RANGE_LOOP_ANALYSIS = YES;
				CLANG_WARN_STRICT_PROTOTYPES = YES;
				CLANG_WARN_SUSPICIOUS_MOVE = YES;
				CLANG_WARN_UNGUARDED_AVAILABILITY = YES_AGGRESSIVE;
				CLANG_WARN_UNREACHABLE_CODE = YES;
				CLANG_WARN__DUPLICATE_METHOD_MATCH = YES;
				COPY_PHASE_STRIP = NO;
				DEBUG_INFORMATION_FORMAT = dwarf;
				DEVELOPMENT_TEAM = SUB4D97JDH;
				ENABLE_STRICT_OBJC_MSGSEND = YES;
				ENABLE_TESTABILITY = YES;
				ENABLE_USER_SCRIPT_SANDBOXING = YES;
				GCC_C_LANGUAGE_STANDARD = gnu17;
				GCC_DYNAMIC_NO_PIC = NO;
				GCC_NO_COMMON_BLOCKS = YES;
				GCC_OPTIMIZATION_LEVEL = 0;
				GCC_PREPROCESSOR_DEFINITIONS = (
					"DEBUG=1",
					"$(inherited)",
				);
				GCC_WARN_64_TO_32_BIT_CONVERSION = YES;
				GCC_WARN_ABOUT_RETURN_TYPE = YES_ERROR;
				GCC_WARN_UNDECLARED_SELECTOR = YES;
				GCC_WARN_UNINITIALIZED_AUTOS = YES_AGGRESSIVE;
				GCC_WARN_UNUSED_FUNCTION = YES;
				GCC_WARN_UNUSED_VARIABLE = YES;
				LOCALIZATION_PREFERS_STRING_CATALOGS = YES;
				MTL_ENABLE_DEBUG_INFO = INCLUDE_SOURCE;
				MTL_FAST_MATH = YES;
				ONLY_ACTIVE_ARCH = YES;
				SWIFT_ACTIVE_COMPILATION_CONDITIONS = "DEBUG $(inherited)";
				SWIFT_OPTIMIZATION_LEVEL = "-Onone";
			};
			name = Debug;
		};
		CF69C6E72EA8B1290014BF0E /* Release */ = {
			isa = XCBuildConfiguration;
			buildSettings = {
				ALWAYS_SEARCH_USER_PATHS = NO;
				ASSETCATALOG_COMPILER_GENERATE_SWIFT_ASSET_SYMBOL_EXTENSIONS = YES;
				CLANG_ANALYZER_NONNULL = YES;
				CLANG_ANALYZER_NUMBER_OBJECT_CONVERSION = YES_AGGRESSIVE;
				CLANG_CXX_LANGUAGE_STANDARD = "gnu++20";
				CLANG_ENABLE_MODULES = YES;
				CLANG_ENABLE_OBJC_ARC = YES;
				CLANG_ENABLE_OBJC_WEAK = YES;
				CLANG_WARN_BLOCK_CAPTURE_AUTORELEASING = YES;
				CLANG_WARN_BOOL_CONVERSION = YES;
				CLANG_WARN_COMMA = YES;
				CLANG_WARN_CONSTANT_CONVERSION = YES;
				CLANG_WARN_DEPRECATED_OBJC_IMPLEMENTATIONS = YES;
				CLANG_WARN_DIRECT_OBJC_ISA_USAGE = YES_ERROR;
				CLANG_WARN_DOCUMENTATION_COMMENTS = YES;
				CLANG_WARN_EMPTY_BODY = YES;
				CLANG_WARN_ENUM_CONVERSION = YES;
				CLANG_WARN_INFINITE_RECURSION = YES;
				CLANG_WARN_INT_CONVERSION = YES;
				CLANG_WARN_NON_LITERAL_NULL_CONVERSION = YES;
				CLANG_WARN_OBJC_IMPLICIT_RETAIN_SELF = YES;
				CLANG_WARN_OBJC_LITERAL_CONVERSION = YES;
				CLANG_WARN_OBJC_ROOT_CLASS = YES_ERROR;
				CLANG_WARN_QUOTED_INCLUDE_IN_FRAMEWORK_HEADER = YES;
				CLANG_WARN_RANGE_LOOP_ANALYSIS = YES;
				CLANG_WARN_STRICT_PROTOTYPES = YES;
				CLANG_WARN_SUSPICIOUS_MOVE = YES;
				CLANG_WARN_UNGUARDED_AVAILABILITY = YES_AGGRESSIVE;
				CLANG_WARN_UNREACHABLE_CODE = YES;
				CLANG_WARN__DUPLICATE_METHOD_MATCH = YES;
				COPY_PHASE_STRIP = NO;
				DEBUG_INFORMATION_FORMAT = "dwarf-with-dsym";
				DEVELOPMENT_TEAM = SUB4D97JDH;
				ENABLE_NS_ASSERTIONS = NO;
				ENABLE_STRICT_OBJC_MSGSEND = YES;
				ENABLE_USER_SCRIPT_SANDBOXING = YES;
				GCC_C_LANGUAGE_STANDARD = gnu17;
				GCC_NO_COMMON_BLOCKS = YES;
				GCC_WARN_64_TO_32_BIT_CONVERSION = YES;
				GCC_WARN_ABOUT_RETURN_TYPE = YES_ERROR;
				GCC_WARN_UNDECLARED_SELECTOR = YES;
				GCC_WARN_UNINITIALIZED_AUTOS = YES_AGGRESSIVE;
				GCC_WARN_UNUSED_FUNCTION = YES;
				GCC_WARN_UNUSED_VARIABLE = YES;
				LOCALIZATION_PREFERS_STRING_CATALOGS = YES;
				MTL_ENABLE_DEBUG_INFO = NO;
				MTL_FAST_MATH = YES;
				SWIFT_COMPILATION_MODE = wholemodule;
			};
			name = Release;
		};
		CF69C6E92EA8B1290014BF0E /* Debug */ = {
			isa = XCBuildConfiguration;
			buildSettings = {
				ASSETCATALOG_COMPILER_APPICON_NAME = AppIcon;
				ASSETCATALOG_COMPILER_GLOBAL_ACCENT_COLOR_NAME = AccentColor;
				CODE_SIGN_STYLE = Automatic;
				CURRENT_PROJECT_VERSION = 1;
				DEVELOPMENT_TEAM = SUB4D97JDH;
				ENABLE_PREVIEWS = YES;
				GENERATE_INFOPLIST_FILE = YES;
				INFOPLIST_KEY_CFBundleDisplayName = "vai-watchos-app";
				INFOPLIST_KEY_UISupportedInterfaceOrientations = "UIInterfaceOrientationPortrait UIInterfaceOrientationPortraitUpsideDown";
				INFOPLIST_KEY_WKWatchOnly = YES;
				LD_RUNPATH_SEARCH_PATHS = (
					"$(inherited)",
					"@executable_path/Frameworks",
				);
				MARKETING_VERSION = 1.0;
				PRODUCT_BUNDLE_IDENTIFIER = "it.appvai.vai-watchos-app.watchkitapp";
				PRODUCT_NAME = "$(TARGET_NAME)";
				SDKROOT = watchos;
				SKIP_INSTALL = YES;
				SWIFT_EMIT_LOC_STRINGS = YES;
				SWIFT_VERSION = 5.0;
				TARGETED_DEVICE_FAMILY = 4;
				WATCHOS_DEPLOYMENT_TARGET = 11.5;
			};
			name = Debug;
		};
		CF69C6EA2EA8B1290014BF0E /* Release */ = {
			isa = XCBuildConfiguration;
			buildSettings = {
				ASSETCATALOG_COMPILER_APPICON_NAME = AppIcon;
				ASSETCATALOG_COMPILER_GLOBAL_ACCENT_COLOR_NAME = AccentColor;
				CODE_SIGN_STYLE = Automatic;
				CURRENT_PROJECT_VERSION = 1;
				DEVELOPMENT_TEAM = SUB4D97JDH;
				ENABLE_PREVIEWS = YES;
				GENERATE_INFOPLIST_FILE = YES;
				INFOPLIST_KEY_CFBundleDisplayName = "vai-watchos-app";
				INFOPLIST_KEY_UISupportedInterfaceOrientations = "UIInterfaceOrientationPortrait UIInterfaceOrientationPortraitUpsideDown";
				INFOPLIST_KEY_WKWatchOnly = YES;
				LD_RUNPATH_SEARCH_PATHS = (
					"$(inherited)",
					"@executable_path/Frameworks",
				);
				MARKETING_VERSION = 1.0;
				PRODUCT_BUNDLE_IDENTIFIER = "it.appvai.vai-watchos-app.watchkitapp";
				PRODUCT_NAME = "$(TARGET_NAME)";
				SDKROOT = watchos;
				SKIP_INSTALL = YES;
				SWIFT_EMIT_LOC_STRINGS = YES;
				SWIFT_VERSION = 5.0;
				TARGETED_DEVICE_FAMILY = 4;
				VALIDATE_PRODUCT = YES;
				WATCHOS_DEPLOYMENT_TARGET = 11.5;
			};
			name = Release;
		};
		CF69C6ED2EA8B1290014BF0E /* Debug */ = {
			isa = XCBuildConfiguration;
			buildSettings = {
				CODE_SIGN_STYLE = Automatic;
				CURRENT_PROJECT_VERSION = 1;
				DEVELOPMENT_TEAM = SUB4D97JDH;
				INFOPLIST_KEY_CFBundleDisplayName = "vai-watchos-app";
				MARKETING_VERSION = 1.0;
				PRODUCT_BUNDLE_IDENTIFIER = "it.appvai.vai-watchos-app";
				PRODUCT_NAME = "$(TARGET_NAME)";
				SDKROOT = iphoneos;
				SWIFT_VERSION = 5.0;
			};
			name = Debug;
		};
		CF69C6EE2EA8B1290014BF0E /* Release */ = {
			isa = XCBuildConfiguration;
			buildSettings = {
				CODE_SIGN_STYLE = Automatic;
				CURRENT_PROJECT_VERSION = 1;
				DEVELOPMENT_TEAM = SUB4D97JDH;
				INFOPLIST_KEY_CFBundleDisplayName = "vai-watchos-app";
				MARKETING_VERSION = 1.0;
				PRODUCT_BUNDLE_IDENTIFIER = "it.appvai.vai-watchos-app";
				PRODUCT_NAME = "$(TARGET_NAME)";
				SDKROOT = iphoneos;
				SWIFT_VERSION = 5.0;
				VALIDATE_PRODUCT = YES;
			};
			name = Release;
		};
		CF69C6F02EA8B1290014BF0E /* Debug */ = {
			isa = XCBuildConfiguration;
			buildSettings = {
				BUNDLE_LOADER = "$(TEST_HOST)";
				CODE_SIGN_STYLE = Automatic;
				CURRENT_PROJECT_VERSION = 1;
				DEVELOPMENT_TEAM = SUB4D97JDH;
				GENERATE_INFOPLIST_FILE = YES;
				MARKETING_VERSION = 1.0;
				PRODUCT_BUNDLE_IDENTIFIER = "it.appvai.vai-watchos-app-Watch-AppTests";
				PRODUCT_NAME = "$(TARGET_NAME)";
				SDKROOT = watchos;
				SWIFT_EMIT_LOC_STRINGS = NO;
				SWIFT_VERSION = 5.0;
				TARGETED_DEVICE_FAMILY = 4;
				TEST_HOST = "$(BUILT_PRODUCTS_DIR)/vai-watchos-app Watch App.app/$(BUNDLE_EXECUTABLE_FOLDER_PATH)/vai-watchos-app Watch App";
				WATCHOS_DEPLOYMENT_TARGET = 11.5;
			};
			name = Debug;
		};
		CF69C6F12EA8B1290014BF0E /* Release */ = {
			isa = XCBuildConfiguration;
			buildSettings = {
				BUNDLE_LOADER = "$(TEST_HOST)";
				CODE_SIGN_STYLE = Automatic;
				CURRENT_PROJECT_VERSION = 1;
				DEVELOPMENT_TEAM = SUB4D97JDH;
				GENERATE_INFOPLIST_FILE = YES;
				MARKETING_VERSION = 1.0;
				PRODUCT_BUNDLE_IDENTIFIER = "it.appvai.vai-watchos-app-Watch-AppTests";
				PRODUCT_NAME = "$(TARGET_NAME)";
				SDKROOT = watchos;
				SWIFT_EMIT_LOC_STRINGS = NO;
				SWIFT_VERSION = 5.0;
				TARGETED_DEVICE_FAMILY = 4;
				TEST_HOST = "$(BUILT_PRODUCTS_DIR)/vai-watchos-app Watch App.app/$(BUNDLE_EXECUTABLE_FOLDER_PATH)/vai-watchos-app Watch App";
				VALIDATE_PRODUCT = YES;
				WATCHOS_DEPLOYMENT_TARGET = 11.5;
			};
			name = Release;
		};
		CF69C6F32EA8B1290014BF0E /* Debug */ = {
			isa = XCBuildConfiguration;
			buildSettings = {
				CODE_SIGN_STYLE = Automatic;
				CURRENT_PROJECT_VERSION = 1;
				DEVELOPMENT_TEAM = SUB4D97JDH;
				GENERATE_INFOPLIST_FILE = YES;
				MARKETING_VERSION = 1.0;
				PRODUCT_BUNDLE_IDENTIFIER = "it.appvai.vai-watchos-app-Watch-AppUITests";
				PRODUCT_NAME = "$(TARGET_NAME)";
				SDKROOT = watchos;
				SWIFT_EMIT_LOC_STRINGS = NO;
				SWIFT_VERSION = 5.0;
				TARGETED_DEVICE_FAMILY = 4;
				TEST_TARGET_NAME = "vai-watchos-app Watch App";
				WATCHOS_DEPLOYMENT_TARGET = 11.5;
			};
			name = Debug;
		};
		CF69C6F42EA8B1290014BF0E /* Release */ = {
			isa = XCBuildConfiguration;
			buildSettings = {
				CODE_SIGN_STYLE = Automatic;
				CURRENT_PROJECT_VERSION = 1;
				DEVELOPMENT_TEAM = SUB4D97JDH;
				GENERATE_INFOPLIST_FILE = YES;
				MARKETING_VERSION = 1.0;
				PRODUCT_BUNDLE_IDENTIFIER = "it.appvai.vai-watchos-app-Watch-AppUITests";
				PRODUCT_NAME = "$(TARGET_NAME)";
				SDKROOT = watchos;
				SWIFT_EMIT_LOC_STRINGS = NO;
				SWIFT_VERSION = 5.0;
				TARGETED_DEVICE_FAMILY = 4;
				TEST_TARGET_NAME = "vai-watchos-app Watch App";
				VALIDATE_PRODUCT = YES;
				WATCHOS_DEPLOYMENT_TARGET = 11.5;
			};
			name = Release;
		};
/* End XCBuildConfiguration section */

/* Begin XCConfigurationList section */
		CF69C6BC2EA8B1270014BF0E /* Build configuration list for PBXProject "vai-watchos-app" */ = {
			isa = XCConfigurationList;
			buildConfigurations = (
				CF69C6E62EA8B1290014BF0E /* Debug */,
				CF69C6E72EA8B1290014BF0E /* Release */,
			);
			defaultConfigurationIsVisible = 0;
			defaultConfigurationName = Release;
		};
		CF69C6E82EA8B1290014BF0E /* Build configuration list for PBXNativeTarget "vai-watchos-app Watch App" */ = {
			isa = XCConfigurationList;
			buildConfigurations = (
				CF69C6E92EA8B1290014BF0E /* Debug */,
				CF69C6EA2EA8B1290014BF0E /* Release */,
			);
			defaultConfigurationIsVisible = 0;
			defaultConfigurationName = Release;
		};
		CF69C6EC2EA8B1290014BF0E /* Build configuration list for PBXNativeTarget "vai-watchos-app" */ = {
			isa = XCConfigurationList;
			buildConfigurations = (
				CF69C6ED2EA8B1290014BF0E /* Debug */,
				CF69C6EE2EA8B1290014BF0E /* Release */,
			);
			defaultConfigurationIsVisible = 0;
			defaultConfigurationName = Release;
		};
		CF69C6EF2EA8B1290014BF0E /* Build configuration list for PBXNativeTarget "vai-watchos-app Watch AppTests" */ = {
			isa = XCConfigurationList;
			buildConfigurations = (
				CF69C6F02EA8B1290014BF0E /* Debug */,
				CF69C6F12EA8B1290014BF0E /* Release */,
			);
			defaultConfigurationIsVisible = 0;
			defaultConfigurationName = Release;
		};
		CF69C6F22EA8B1290014BF0E /* Build configuration list for PBXNativeTarget "vai-watchos-app Watch AppUITests" */ = {
			isa = XCConfigurationList;
			buildConfigurations = (
				CF69C6F32EA8B1290014BF0E /* Debug */,
				CF69C6F42EA8B1290014BF0E /* Release */,
			);
			defaultConfigurationIsVisible = 0;
			defaultConfigurationName = Release;
		};
/* End XCConfigurationList section */
	};
	rootObject = CF69C6B92EA8B1270014BF0E /* Project object */;
}
